
Microsoft Visual Studio Solution File, Format Version 12.00
# Visual Studio Version 16
VisualStudioVersion = 16.0.30204.135
MinimumVisualStudioVersion = 10.0.40219.1
Project("{FAE04EC0-301F-11D3-BF4B-00C04F79EFBC}") = "Domain", "Domain\Domain.csproj", "{BD7A8833-AEA3-49AB-88A2-3D8A4217F225}"
EndProject
Project("{FAE04EC0-301F-11D3-BF4B-00C04F79EFBC}") = "DataAccess", "DataAccess\DataAccess.csproj", "{59D3401E-D91E-43FC-A1D3-E1B31175B709}"
EndProject
Project("{FAE04EC0-301F-11D3-BF4B-00C04F79EFBC}") = "Application", "Application\Application.csproj", "{EB5FC433-55FF-4448-8179-63E61E7DF4E2}"
EndProject
Project("{FAE04EC0-301F-11D3-BF4B-00C04F79EFBC}") = "Implementation", "Implementation\Implementation.csproj", "{626677E9-5ED5-4E6A-980F-8C5EFAD43E75}"
EndProject
Project("{FAE04EC0-301F-11D3-BF4B-00C04F79EFBC}") = "BookingReservation", "BookingReservation\BookingReservation.csproj", "{CC7BCA57-C2D7-48C8-B230-F673820DD844}"
EndProject
Global
	GlobalSection(SolutionConfigurationPlatforms) = preSolution
		Debug|Any CPU = Debug|Any CPU
		Release|Any CPU = Release|Any CPU
	EndGlobalSection
	GlobalSection(ProjectConfigurationPlatforms) = postSolution
		{BD7A8833-AEA3-49AB-88A2-3D8A4217F225}.Debug|Any CPU.ActiveCfg = Debug|Any CPU
		{BD7A8833-AEA3-49AB-88A2-3D8A4217F225}.Debug|Any CPU.Build.0 = Debug|Any CPU
		{BD7A8833-AEA3-49AB-88A2-3D8A4217F225}.Release|Any CPU.ActiveCfg = Release|Any CPU
		{BD7A8833-AEA3-49AB-88A2-3D8A4217F225}.Release|Any CPU.Build.0 = Release|Any CPU
		{59D3401E-D91E-43FC-A1D3-E1B31175B709}.Debug|Any CPU.ActiveCfg = Debug|Any CPU
		{59D3401E-D91E-43FC-A1D3-E1B31175B709}.Debug|Any CPU.Build.0 = Debug|Any CPU
		{59D3401E-D91E-43FC-A1D3-E1B31175B709}.Release|Any CPU.ActiveCfg = Release|Any CPU
		{59D3401E-D91E-43FC-A1D3-E1B31175B709}.Release|Any CPU.Build.0 = Release|Any CPU
		{EB5FC433-55FF-4448-8179-63E61E7DF4E2}.Debug|Any CPU.ActiveCfg = Debug|Any CPU
		{EB5FC433-55FF-4448-8179-63E61E7DF4E2}.Debug|Any CPU.Build.0 = Debug|Any CPU
		{EB5FC433-55FF-4448-8179-63E61E7DF4E2}.Release|Any CPU.ActiveCfg = Release|Any CPU
		{EB5FC433-55FF-4448-8179-63E61E7DF4E2}.Release|Any CPU.Build.0 = Release|Any CPU
		{626677E9-5ED5-4E6A-980F-8C5EFAD43E75}.Debug|Any CPU.ActiveCfg = Debug|Any CPU
		{626677E9-5ED5-4E6A-980F-8C5EFAD43E75}.Debug|Any CPU.Build.0 = Debug|Any CPU
		{626677E9-5ED5-4E6A-980F-8C5EFAD43E75}.Release|Any CPU.ActiveCfg = Release|Any CPU
		{626677E9-5ED5-4E6A-980F-8C5EFAD43E75}.Release|Any CPU.Build.0 = Release|Any CPU
		{CC7BCA57-C2D7-48C8-B230-F673820DD844}.Debug|Any CPU.ActiveCfg = Debug|Any CPU
		{CC7BCA57-C2D7-48C8-B230-F673820DD844}.Debug|Any CPU.Build.0 = Debug|Any CPU
		{CC7BCA57-C2D7-48C8-B230-F673820DD844}.Release|Any CPU.ActiveCfg = Release|Any CPU
		{CC7BCA57-C2D7-48C8-B230-F673820DD844}.Release|Any CPU.Build.0 = Release|Any CPU
	EndGlobalSection
	GlobalSection(SolutionProperties) = preSolution
		HideSolutionNode = FALSE
	EndGlobalSection
	GlobalSection(ExtensibilityGlobals) = postSolution
		SolutionGuid = {B5E60A02-1934-4B0E-8C34-238BFBBE5EE3}
	EndGlobalSection
EndGlobal
